// !$*UTF8*$!
{
	archiveVersion = 1;
	classes = {
	};
	objectVersion = 55;
	objects = {

/* Begin PBXBuildFile section */
		324F1C4C281304CF006195F5 /* DataManager.swift in Sources */ = {isa = PBXBuildFile; fileRef = 324F1C4B281304CF006195F5 /* DataManager.swift */; };
		326CAF1928157FB000C08467 /* NSTableView.swift in Sources */ = {isa = PBXBuildFile; fileRef = 326CAF1828157FB000C08467 /* NSTableView.swift */; };
		328EA3B82811470300E87A73 /* AppDelegate.swift in Sources */ = {isa = PBXBuildFile; fileRef = 328EA3B72811470300E87A73 /* AppDelegate.swift */; };
		328EA3BA2811470300E87A73 /* SpreadSheetViewController.swift in Sources */ = {isa = PBXBuildFile; fileRef = 328EA3B92811470300E87A73 /* SpreadSheetViewController.swift */; };
		328EA3BC2811470800E87A73 /* Assets.xcassets in Resources */ = {isa = PBXBuildFile; fileRef = 328EA3BB2811470800E87A73 /* Assets.xcassets */; };
		328EA3BF2811470800E87A73 /* Main.storyboard in Resources */ = {isa = PBXBuildFile; fileRef = 328EA3BD2811470800E87A73 /* Main.storyboard */; };
		328EA3C728119B2900E87A73 /* TextFieldCell.swift in Sources */ = {isa = PBXBuildFile; fileRef = 328EA3C628119B2900E87A73 /* TextFieldCell.swift */; };
/* End PBXBuildFile section */

/* Begin PBXFileReference section */
		324F1C4B281304CF006195F5 /* DataManager.swift */ = {isa = PBXFileReference; lastKnownFileType = sourcecode.swift; path = DataManager.swift; sourceTree = "<group>"; };
		326CAF1828157FB000C08467 /* NSTableView.swift */ = {isa = PBXFileReference; lastKnownFileType = sourcecode.swift; path = NSTableView.swift; sourceTree = "<group>"; };
		328EA3B42811470300E87A73 /* TablesApp.app */ = {isa = PBXFileReference; explicitFileType = wrapper.application; includeInIndex = 0; path = TablesApp.app; sourceTree = BUILT_PRODUCTS_DIR; };
		328EA3B72811470300E87A73 /* AppDelegate.swift */ = {isa = PBXFileReference; lastKnownFileType = sourcecode.swift; path = AppDelegate.swift; sourceTree = "<group>"; };
		328EA3B92811470300E87A73 /* SpreadSheetViewController.swift */ = {isa = PBXFileReference; lastKnownFileType = sourcecode.swift; path = SpreadSheetViewController.swift; sourceTree = "<group>"; };
		328EA3BB2811470800E87A73 /* Assets.xcassets */ = {isa = PBXFileReference; lastKnownFileType = folder.assetcatalog; path = Assets.xcassets; sourceTree = "<group>"; };
		328EA3BE2811470800E87A73 /* Base */ = {isa = PBXFileReference; lastKnownFileType = file.storyboard; name = Base; path = Base.lproj/Main.storyboard; sourceTree = "<group>"; };
		328EA3C02811470800E87A73 /* TablesApp.entitlements */ = {isa = PBXFileReference; lastKnownFileType = text.plist.entitlements; path = TablesApp.entitlements; sourceTree = "<group>"; };
		328EA3C628119B2900E87A73 /* TextFieldCell.swift */ = {isa = PBXFileReference; lastKnownFileType = sourcecode.swift; path = TextFieldCell.swift; sourceTree = "<group>"; };
/* End PBXFileReference section */

/* Begin PBXFrameworksBuildPhase section */
		328EA3B12811470300E87A73 /* Frameworks */ = {
			isa = PBXFrameworksBuildPhase;
			buildActionMask = 2147483647;
			files = (
			);
			runOnlyForDeploymentPostprocessing = 0;
		};
/* End PBXFrameworksBuildPhase section */

/* Begin PBXGroup section */
		326CAF1A2815829600C08467 /* Views */ = {
			isa = PBXGroup;
			children = (
				326CAF1B2815829D00C08467 /* Cell */,
			);
			path = Views;
			sourceTree = "<group>";
		};
		326CAF1B2815829D00C08467 /* Cell */ = {
			isa = PBXGroup;
			children = (
				328EA3C628119B2900E87A73 /* TextFieldCell.swift */,
			);
			path = Cell;
			sourceTree = "<group>";
		};
		326CAF1C281582B800C08467 /* App */ = {
			isa = PBXGroup;
			children = (
				328EA3B72811470300E87A73 /* AppDelegate.swift */,
				328EA3C02811470800E87A73 /* TablesApp.entitlements */,
			);
			path = App;
			sourceTree = "<group>";
		};
		326CAF1D281582F200C08467 /* Supporting Files */ = {
			isa = PBXGroup;
			children = (
				328EA3BB2811470800E87A73 /* Assets.xcassets */,
				328EA3BD2811470800E87A73 /* Main.storyboard */,
			);
			path = "Supporting Files";
			sourceTree = "<group>";
		};
		326CAF1E2815833800C08467 /* Extension */ = {
			isa = PBXGroup;
			children = (
				326CAF1828157FB000C08467 /* NSTableView.swift */,
			);
			path = Extension;
			sourceTree = "<group>";
		};
		326CAF1F2815835600C08467 /* SpreadSheetScreen */ = {
			isa = PBXGroup;
			children = (
				328EA3B92811470300E87A73 /* SpreadSheetViewController.swift */,
			);
			path = SpreadSheetScreen;
			sourceTree = "<group>";
		};
		328EA3AB2811470300E87A73 = {
			isa = PBXGroup;
			children = (
				328EA3B62811470300E87A73 /* TablesApp */,
				328EA3B52811470300E87A73 /* Products */,
			);
			sourceTree = "<group>";
		};
		328EA3B52811470300E87A73 /* Products */ = {
			isa = PBXGroup;
			children = (
				328EA3B42811470300E87A73 /* TablesApp.app */,
			);
			name = Products;
			sourceTree = "<group>";
		};
		328EA3B62811470300E87A73 /* TablesApp */ = {
			isa = PBXGroup;
			children = (
				326CAF1A2815829600C08467 /* Views */,
				326CAF1C281582B800C08467 /* App */,
				326CAF1F2815835600C08467 /* SpreadSheetScreen */,
				324F1C4B281304CF006195F5 /* DataManager.swift */,
				326CAF1D281582F200C08467 /* Supporting Files */,
				326CAF1E2815833800C08467 /* Extension */,
			);
			path = TablesApp;
			sourceTree = "<group>";
		};
/* End PBXGroup section */

/* Begin PBXNativeTarget section */
		328EA3B32811470300E87A73 /* TablesApp */ = {
			isa = PBXNativeTarget;
			buildConfigurationList = 328EA3C32811470800E87A73 /* Build configuration list for PBXNativeTarget "TablesApp" */;
			buildPhases = (
				328EA3B02811470300E87A73 /* Sources */,
				328EA3B12811470300E87A73 /* Frameworks */,
				328EA3B22811470300E87A73 /* Resources */,
			);
			buildRules = (
			);
			dependencies = (
			);
			name = TablesApp;
			productName = TablesApp;
			productReference = 328EA3B42811470300E87A73 /* TablesApp.app */;
			productType = "com.apple.product-type.application";
		};
/* End PBXNativeTarget section */

/* Begin PBXProject section */
		328EA3AC2811470300E87A73 /* Project object */ = {
			isa = PBXProject;
			attributes = {
				BuildIndependentTargetsInParallel = 1;
				LastSwiftUpdateCheck = 1320;
				LastUpgradeCheck = 1320;
				TargetAttributes = {
					328EA3B32811470300E87A73 = {
						CreatedOnToolsVersion = 13.2.1;
					};
				};
			};
			buildConfigurationList = 328EA3AF2811470300E87A73 /* Build configuration list for PBXProject "TablesApp" */;
			compatibilityVersion = "Xcode 13.0";
			developmentRegion = en;
			hasScannedForEncodings = 0;
			knownRegions = (
				en,
				Base,
			);
			mainGroup = 328EA3AB2811470300E87A73;
			productRefGroup = 328EA3B52811470300E87A73 /* Products */;
			projectDirPath = "";
			projectRoot = "";
			targets = (
				328EA3B32811470300E87A73 /* TablesApp */,
			);
		};
/* End PBXProject section */

/* Begin PBXResourcesBuildPhase section */
		328EA3B22811470300E87A73 /* Resources */ = {
			isa = PBXResourcesBuildPhase;
			buildActionMask = 2147483647;
			files = (
				328EA3BC2811470800E87A73 /* Assets.xcassets in Resources */,
				328EA3BF2811470800E87A73 /* Main.storyboard in Resources */,
			);
			runOnlyForDeploymentPostprocessing = 0;
		};
/* End PBXResourcesBuildPhase section */

/* Begin PBXSourcesBuildPhase section */
		328EA3B02811470300E87A73 /* Sources */ = {
			isa = PBXSourcesBuildPhase;
			buildActionMask = 2147483647;
			files = (
				326CAF1928157FB000C08467 /* NSTableView.swift in Sources */,
				328EA3BA2811470300E87A73 /* SpreadSheetViewController.swift in Sources */,
				324F1C4C281304CF006195F5 /* DataManager.swift in Sources */,
				328EA3B82811470300E87A73 /* AppDelegate.swift in Sources */,
				328EA3C728119B2900E87A73 /* TextFieldCell.swift in Sources */,
			);
			runOnlyForDeploymentPostprocessing = 0;
		};
/* End PBXSourcesBuildPhase section */

/* Begin PBXVariantGroup section */
		328EA3BD2811470800E87A73 /* Main.storyboard */ = {
			isa = PBXVariantGroup;
			children = (
				328EA3BE2811470800E87A73 /* Base */,
			);
			name = Main.storyboard;
			sourceTree = "<group>";
		};
/* End PBXVariantGroup section */

/* Begin XCBuildConfiguration section */
		328EA3C12811470800E87A73 /* Debug */ = {
			isa = XCBuildConfiguration;
			buildSettings = {
				ALWAYS_SEARCH_USER_PATHS = NO;
				CLANG_ANALYZER_NONNULL = YES;
				CLANG_ANALYZER_NUMBER_OBJECT_CONVERSION = YES_AGGRESSIVE;
				CLANG_CXX_LANGUAGE_STANDARD = "gnu++17";
				CLANG_CXX_LIBRARY = "libc++";
				CLANG_ENABLE_MODULES = YES;
				CLANG_ENABLE_OBJC_ARC = YES;
				CLANG_ENABLE_OBJC_WEAK = YES;
				CLANG_WARN_BLOCK_CAPTURE_AUTORELEASING = YES;
				CLANG_WARN_BOOL_CONVERSION = YES;
				CLANG_WARN_COMMA = YES;
				CLANG_WARN_CONSTANT_CONVERSION = YES;
				CLANG_WARN_DEPRECATED_OBJC_IMPLEMENTATIONS = YES;
				CLANG_WARN_DIRECT_OBJC_ISA_USAGE = YES_ERROR;
				CLANG_WARN_DOCUMENTATION_COMMENTS = YES;
				CLANG_WARN_EMPTY_BODY = YES;
				CLANG_WARN_ENUM_CONVERSION = YES;
				CLANG_WARN_INFINITE_RECURSION = YES;
				CLANG_WARN_INT_CONVERSION = YES;
				CLANG_WARN_NON_LITERAL_NULL_CONVERSION = YES;
				CLANG_WARN_OBJC_IMPLICIT_RETAIN_SELF = YES;
				CLANG_WARN_OBJC_LITERAL_CONVERSION = YES;
				CLANG_WARN_OBJC_ROOT_CLASS = YES_ERROR;
				CLANG_WARN_QUOTED_INCLUDE_IN_FRAMEWORK_HEADER = YES;
				CLANG_WARN_RANGE_LOOP_ANALYSIS = YES;
				CLANG_WARN_STRICT_PROTOTYPES = YES;
				CLANG_WARN_SUSPICIOUS_MOVE = YES;
				CLANG_WARN_UNGUARDED_AVAILABILITY = YES_AGGRESSIVE;
				CLANG_WARN_UNREACHABLE_CODE = YES;
				CLANG_WARN__DUPLICATE_METHOD_MATCH = YES;
				COPY_PHASE_STRIP = NO;
				DEBUG_INFORMATION_FORMAT = dwarf;
				ENABLE_STRICT_OBJC_MSGSEND = YES;
				ENABLE_TESTABILITY = YES;
				GCC_C_LANGUAGE_STANDARD = gnu11;
				GCC_DYNAMIC_NO_PIC = NO;
				GCC_NO_COMMON_BLOCKS = YES;
				GCC_OPTIMIZATION_LEVEL = 0;
				GCC_PREPROCESSOR_DEFINITIONS = (
					"DEBUG=1",
					"$(inherited)",
				);
				GCC_WARN_64_TO_32_BIT_CONVERSION = YES;
				GCC_WARN_ABOUT_RETURN_TYPE = YES_ERROR;
				GCC_WARN_UNDECLARED_SELECTOR = YES;
				GCC_WARN_UNINITIALIZED_AUTOS = YES_AGGRESSIVE;
				GCC_WARN_UNUSED_FUNCTION = YES;
				GCC_WARN_UNUSED_VARIABLE = YES;
				MACOSX_DEPLOYMENT_TARGET = 11.5;
				MTL_ENABLE_DEBUG_INFO = INCLUDE_SOURCE;
				MTL_FAST_MATH = YES;
				ONLY_ACTIVE_ARCH = YES;
				SDKROOT = macosx;
				SWIFT_ACTIVE_COMPILATION_CONDITIONS = DEBUG;
				SWIFT_OPTIMIZATION_LEVEL = "-Onone";
			};
			name = Debug;
		};
		328EA3C22811470800E87A73 /* Release */ = {
			isa = XCBuildConfiguration;
			buildSettings = {
				ALWAYS_SEARCH_USER_PATHS = NO;
				CLANG_ANALYZER_NONNULL = YES;
				CLANG_ANALYZER_NUMBER_OBJECT_CONVERSION = YES_AGGRESSIVE;
				CLANG_CXX_LANGUAGE_STANDARD = "gnu++17";
				CLANG_CXX_LIBRARY = "libc++";
				CLANG_ENABLE_MODULES = YES;
				CLANG_ENABLE_OBJC_ARC = YES;
				CLANG_ENABLE_OBJC_WEAK = YES;
				CLANG_WARN_BLOCK_CAPTURE_AUTORELEASING = YES;
				CLANG_WARN_BOOL_CONVERSION = YES;
				CLANG_WARN_COMMA = YES;
				CLANG_WARN_CONSTANT_CONVERSION = YES;
				CLANG_WARN_DEPRECATED_OBJC_IMPLEMENTATIONS = YES;
				CLANG_WARN_DIRECT_OBJC_ISA_USAGE = YES_ERROR;
				CLANG_WARN_DOCUMENTATION_COMMENTS = YES;
				CLANG_WARN_EMPTY_BODY = YES;
				CLANG_WARN_ENUM_CONVERSION = YES;
				CLANG_WARN_INFINITE_RECURSION = YES;
				CLANG_WARN_INT_CONVERSION = YES;
				CLANG_WARN_NON_LITERAL_NULL_CONVERSION = YES;
				CLANG_WARN_OBJC_IMPLICIT_RETAIN_SELF = YES;
				CLANG_WARN_OBJC_LITERAL_CONVERSION = YES;
				CLANG_WARN_OBJC_ROOT_CLASS = YES_ERROR;
				CLANG_WARN_QUOTED_INCLUDE_IN_FRAMEWORK_HEADER = YES;
				CLANG_WARN_RANGE_LOOP_ANALYSIS = YES;
				CLANG_WARN_STRICT_PROTOTYPES = YES;
				CLANG_WARN_SUSPICIOUS_MOVE = YES;
				CLANG_WARN_UNGUARDED_AVAILABILITY = YES_AGGRESSIVE;
				CLANG_WARN_UNREACHABLE_CODE = YES;
				CLANG_WARN__DUPLICATE_METHOD_MATCH = YES;
				COPY_PHASE_STRIP = NO;
				DEBUG_INFORMATION_FORMAT = "dwarf-with-dsym";
				ENABLE_NS_ASSERTIONS = NO;
				ENABLE_STRICT_OBJC_MSGSEND = YES;
				GCC_C_LANGUAGE_STANDARD = gnu11;
				GCC_NO_COMMON_BLOCKS = YES;
				GCC_WARN_64_TO_32_BIT_CONVERSION = YES;
				GCC_WARN_ABOUT_RETURN_TYPE = YES_ERROR;
				GCC_WARN_UNDECLARED_SELECTOR = YES;
				GCC_WARN_UNINITIALIZED_AUTOS = YES_AGGRESSIVE;
				GCC_WARN_UNUSED_FUNCTION = YES;
				GCC_WARN_UNUSED_VARIABLE = YES;
				MACOSX_DEPLOYMENT_TARGET = 11.5;
				MTL_ENABLE_DEBUG_INFO = NO;
				MTL_FAST_MATH = YES;
				SDKROOT = macosx;
				SWIFT_COMPILATION_MODE = wholemodule;
				SWIFT_OPTIMIZATION_LEVEL = "-O";
			};
			name = Release;
		};
		328EA3C42811470800E87A73 /* Debug */ = {
			isa = XCBuildConfiguration;
			buildSettings = {
				ASSETCATALOG_COMPILER_APPICON_NAME = AppIcon;
				ASSETCATALOG_COMPILER_GLOBAL_ACCENT_COLOR_NAME = AccentColor;
				CODE_SIGN_ENTITLEMENTS = TablesApp/TablesApp.entitlements;
				CODE_SIGN_STYLE = Automatic;
				COMBINE_HIDPI_IMAGES = YES;
				CURRENT_PROJECT_VERSION = 1;
				GENERATE_INFOPLIST_FILE = YES;
				INFOPLIST_KEY_NSHumanReadableCopyright = "";
				INFOPLIST_KEY_NSMainStoryboardFile = Main;
				INFOPLIST_KEY_NSPrincipalClass = NSApplication;
				LD_RUNPATH_SEARCH_PATHS = (
					"$(inherited)",
					"@executable_path/../Frameworks",
				);
				MARKETING_VERSION = 1.0;
				PRODUCT_BUNDLE_IDENTIFIER = dmyshe.TablesApp;
				PRODUCT_NAME = "$(TARGET_NAME)";
				SWIFT_EMIT_LOC_STRINGS = YES;
				SWIFT_VERSION = 5.0;
			};
			name = Debug;
		};
		328EA3C52811470800E87A73 /* Release */ = {
			isa = XCBuildConfiguration;
			buildSettings = {
				ASSETCATALOG_COMPILER_APPICON_NAME = AppIcon;
				ASSETCATALOG_COMPILER_GLOBAL_ACCENT_COLOR_NAME = AccentColor;
				CODE_SIGN_ENTITLEMENTS = TablesApp/TablesApp.entitlements;
				CODE_SIGN_STYLE = Automatic;
				COMBINE_HIDPI_IMAGES = YES;
				CURRENT_PROJECT_VERSION = 1;
				GENERATE_INFOPLIST_FILE = YES;
				INFOPLIST_KEY_NSHumanReadableCopyright = "";
				INFOPLIST_KEY_NSMainStoryboardFile = Main;
				INFOPLIST_KEY_NSPrincipalClass = NSApplication;
				LD_RUNPATH_SEARCH_PATHS = (
					"$(inherited)",
					"@executable_path/../Frameworks",
				);
				MARKETING_VERSION = 1.0;
				PRODUCT_BUNDLE_IDENTIFIER = dmyshe.TablesApp;
				PRODUCT_NAME = "$(TARGET_NAME)";
				SWIFT_EMIT_LOC_STRINGS = YES;
				SWIFT_VERSION = 5.0;
			};
			name = Release;
		};
/* End XCBuildConfiguration section */

/* Begin XCConfigurationList section */
		328EA3AF2811470300E87A73 /* Build configuration list for PBXProject "TablesApp" */ = {
			isa = XCConfigurationList;
			buildConfigurations = (
				328EA3C12811470800E87A73 /* Debug */,
				328EA3C22811470800E87A73 /* Release */,
			);
			defaultConfigurationIsVisible = 0;
			defaultConfigurationName = Release;
		};
		328EA3C32811470800E87A73 /* Build configuration list for PBXNativeTarget "TablesApp" */ = {
			isa = XCConfigurationList;
			buildConfigurations = (
				328EA3C42811470800E87A73 /* Debug */,
				328EA3C52811470800E87A73 /* Release */,
			);
			defaultConfigurationIsVisible = 0;
			defaultConfigurationName = Release;
		};
/* End XCConfigurationList section */
	};
	rootObject = 328EA3AC2811470300E87A73 /* Project object */;
}
